
Microsoft Visual Studio Solution File, Format Version 12.00
# Visual Studio Version 17
VisualStudioVersion = 17.8.34330.188
MinimumVisualStudioVersion = 10.0.40219.1
Project("{FAE04EC0-301F-11D3-BF4B-00C04F79EFBC}") = "VtolVR_TrueGear", "VtolVR_TrueGear\VtolVR_TrueGear.csproj", "{7C67E527-05F0-4418-91E0-83BF64DE2C2C}"
EndProject
Global
	GlobalSection(SolutionConfigurationPlatforms) = preSolution
		Debug|Any CPU = Debug|Any CPU
		Release|Any CPU = Release|Any CPU
	EndGlobalSection
	GlobalSection(ProjectConfigurationPlatforms) = postSolution
		{7C67E527-05F0-4418-91E0-83BF64DE2C2C}.Debug|Any CPU.ActiveCfg = Debug|Any CPU
		{7C67E527-05F0-4418-91E0-83BF64DE2C2C}.Debug|Any CPU.Build.0 = Debug|Any CPU
		{7C67E527-05F0-4418-91E0-83BF64DE2C2C}.Release|Any CPU.ActiveCfg = Release|Any CPU
		{7C67E527-05F0-4418-91E0-83BF64DE2C2C}.Release|Any CPU.Build.0 = Release|Any CPU
	EndGlobalSection
	GlobalSection(SolutionProperties) = preSolution
		HideSolutionNode = FALSE
	EndGlobalSection
	GlobalSection(ExtensibilityGlobals) = postSolution
		SolutionGuid = {64AEEBD3-DBF2-4192-9E3F-963571E2D4BD}
	EndGlobalSection
EndGlobal
